{
  "name": "redis-hash-index",
  "version": "0.0.0",
  "lockfileVersion": 3,
  "requires": true,
  "packages": {
    "": {
      "name": "redis-hash-index",
      "version": "0.0.0",
      "license": "GPL-3.0",
      "workspaces": [
        "packages/cache",
        "services/test-api",
        "services/webhook",
        "services/benchmark"
      ],
      "devDependencies": {
        "typescript": "^5.6.3"
      }
    },
    "node_modules/@redis-hash-index/benchmark": {
      "resolved": "services/benchmark",
      "link": true
    },
    "node_modules/@redis-hash-index/cache": {
      "resolved": "packages/cache",
      "link": true
    },
    "node_modules/@redis-hash-index/test-api": {
      "resolved": "services/test-api",
      "link": true
    },
    "node_modules/@redis-hash-index/webhook": {
      "resolved": "services/webhook",
      "link": true
    },
    "node_modules/typescript": {
      "version": "5.9.3",
      "resolved": "https://registry.npmjs.org/typescript/-/typescript-5.9.3.tgz",
      "integrity": "sha512-jl1vZzPDinLr9eUt3J/t7V6FgNEw9QjvBPdysz9KfQDD41fQrC2Y4vKQdiaUpFT4bXlb1RHhLpp8wtm6M5TgSw==",
      "dev": true,
      "license": "Apache-2.0",
      "bin": {
        "tsc": "bin/tsc",
        "tsserver": "bin/tsserver"
      },
      "engines": {
        "node": ">=14.17"
      }
    },
    "packages/cache": {
      "name": "@redis-hash-index/cache",
      "version": "0.0.0"
    },
    "services/benchmark": {
      "name": "@redis-hash-index/benchmark",
      "version": "0.0.0"
    },
    "services/test-api": {
      "name": "@redis-hash-index/test-api",
      "version": "0.0.0"
    },
    "services/webhook": {
      "name": "@redis-hash-index/webhook",
      "version": "0.0.0"
    }
  }
}
